
Microsoft Visual Studio Solution File, Format Version 12.00
# Visual Studio 2012
Project("{FAE04EC0-301F-11D3-BF4B-00C04F79EFBC}") = "Web", "Web\Web.csproj", "{44A7DA12-1EBD-47D5-A817-3B79D159F2DB}"
EndProject
Project("{E24C65DC-7377-472B-9ABA-BC803B73C61A}") = "WEB ITC", "..\..\Documents\Visual Studio 2012\Projects\www.ShareCode.org - WEB ban may tinh\www.ShareCode.org - WEB ban may tinh\WEB ITC\", "{751F41C4-A581-4151-A05F-DE8BF974EFD6}"
	ProjectSection(WebsiteProperties) = preProject
		TargetFrameworkMoniker = ".NETFramework,Version%3Dv3.5"
		Debug.AspNetCompiler.VirtualPath = "/WEB ITC"
		Debug.AspNetCompiler.PhysicalPath = "..\..\Documents\Visual Studio 2012\Projects\www.ShareCode.org - WEB ban may tinh\www.ShareCode.org - WEB ban may tinh\WEB ITC\"
		Debug.AspNetCompiler.TargetPath = "PrecompiledWeb\WEB ITC\"
		Debug.AspNetCompiler.Updateable = "true"
		Debug.AspNetCompiler.ForceOverwrite = "true"
		Debug.AspNetCompiler.FixedNames = "false"
		Debug.AspNetCompiler.Debug = "True"
		Release.AspNetCompiler.VirtualPath = "/WEB ITC"
		Release.AspNetCompiler.PhysicalPath = "..\..\Documents\Visual Studio 2012\Projects\www.ShareCode.org - WEB ban may tinh\www.ShareCode.org - WEB ban may tinh\WEB ITC\"
		Release.AspNetCompiler.TargetPath = "PrecompiledWeb\WEB ITC\"
		Release.AspNetCompiler.Updateable = "true"
		Release.AspNetCompiler.ForceOverwrite = "true"
		Release.AspNetCompiler.FixedNames = "false"
		Release.AspNetCompiler.Debug = "False"
		VWDPort = "50455"
	EndProjectSection
EndProject
Global
	GlobalSection(SolutionConfigurationPlatforms) = preSolution
		Debug|Any CPU = Debug|Any CPU
		Release|Any CPU = Release|Any CPU
	EndGlobalSection
	GlobalSection(ProjectConfigurationPlatforms) = postSolution
		{44A7DA12-1EBD-47D5-A817-3B79D159F2DB}.Debug|Any CPU.ActiveCfg = Debug|Any CPU
		{44A7DA12-1EBD-47D5-A817-3B79D159F2DB}.Debug|Any CPU.Build.0 = Debug|Any CPU
		{44A7DA12-1EBD-47D5-A817-3B79D159F2DB}.Release|Any CPU.ActiveCfg = Release|Any CPU
		{44A7DA12-1EBD-47D5-A817-3B79D159F2DB}.Release|Any CPU.Build.0 = Release|Any CPU
		{751F41C4-A581-4151-A05F-DE8BF974EFD6}.Debug|Any CPU.ActiveCfg = Debug|Any CPU
		{751F41C4-A581-4151-A05F-DE8BF974EFD6}.Debug|Any CPU.Build.0 = Debug|Any CPU
		{751F41C4-A581-4151-A05F-DE8BF974EFD6}.Release|Any CPU.ActiveCfg = Debug|Any CPU
		{751F41C4-A581-4151-A05F-DE8BF974EFD6}.Release|Any CPU.Build.0 = Debug|Any CPU
	EndGlobalSection
	GlobalSection(SolutionProperties) = preSolution
		HideSolutionNode = FALSE
	EndGlobalSection
EndGlobal
